
Microsoft Visual Studio Solution File, Format Version 12.00
# Visual Studio Version 17
VisualStudioVersion = 17.3.32929.385
MinimumVisualStudioVersion = 10.0.40219.1
Project("{9A19103F-16F7-4668-BE54-9A1E7A4F7556}") = "WebBanSua", "WebBanSua.csproj", "{E42D026A-4550-40AA-9F82-58D1591421D4}"
EndProject
Global
	GlobalSection(SolutionConfigurationPlatforms) = preSolution
		Debug|Any CPU = Debug|Any CPU
		Release|Any CPU = Release|Any CPU
	EndGlobalSection
	GlobalSection(ProjectConfigurationPlatforms) = postSolution
		{E42D026A-4550-40AA-9F82-58D1591421D4}.Debug|Any CPU.ActiveCfg = Debug|Any CPU
		{E42D026A-4550-40AA-9F82-58D1591421D4}.Debug|Any CPU.Build.0 = Debug|Any CPU
		{E42D026A-4550-40AA-9F82-58D1591421D4}.Release|Any CPU.ActiveCfg = Release|Any CPU
		{E42D026A-4550-40AA-9F82-58D1591421D4}.Release|Any CPU.Build.0 = Release|Any CPU
	EndGlobalSection
	GlobalSection(SolutionProperties) = preSolution
		HideSolutionNode = FALSE
	EndGlobalSection
	GlobalSection(ExtensibilityGlobals) = postSolution
		SolutionGuid = {6992BDE9-51DE-4FBF-BF38-B573361C3DA5}
	EndGlobalSection
EndGlobal
